
Microsoft Visual Studio Solution File, Format Version 12.00
# Visual Studio Version 17
VisualStudioVersion = 17.5.33424.131
MinimumVisualStudioVersion = 10.0.40219.1
Project("{FAE04EC0-301F-11D3-BF4B-00C04F79EFBC}") = "EjemploVistaSencilla", "EjemploVistaSencilla\EjemploVistaSencilla.csproj", "{1204BB88-F99B-4FE6-B31A-7BD9008C7E5A}"
EndProject
Global
	GlobalSection(SolutionConfigurationPlatforms) = preSolution
		Debug|Any CPU = Debug|Any CPU
		Release|Any CPU = Release|Any CPU
	EndGlobalSection
	GlobalSection(ProjectConfigurationPlatforms) = postSolution
		{1204BB88-F99B-4FE6-B31A-7BD9008C7E5A}.Debug|Any CPU.ActiveCfg = Debug|Any CPU
		{1204BB88-F99B-4FE6-B31A-7BD9008C7E5A}.Debug|Any CPU.Build.0 = Debug|Any CPU
		{1204BB88-F99B-4FE6-B31A-7BD9008C7E5A}.Release|Any CPU.ActiveCfg = Release|Any CPU
		{1204BB88-F99B-4FE6-B31A-7BD9008C7E5A}.Release|Any CPU.Build.0 = Release|Any CPU
	EndGlobalSection
	GlobalSection(SolutionProperties) = preSolution
		HideSolutionNode = FALSE
	EndGlobalSection
	GlobalSection(ExtensibilityGlobals) = postSolution
		SolutionGuid = {51367AF1-9309-4341-89E6-0B5FF323CA62}
	EndGlobalSection
EndGlobal
