
Microsoft Visual Studio Solution File, Format Version 12.00
# Visual Studio Version 17
VisualStudioVersion = 17.6.33723.286
MinimumVisualStudioVersion = 10.0.40219.1
Project("{FAE04EC0-301F-11D3-BF4B-00C04F79EFBC}") = "Actividad8A", "Actividad8A\Actividad8A.csproj", "{108E4D53-31A7-4FF3-8720-8D3C9FD29E1F}"
EndProject
Global
	GlobalSection(SolutionConfigurationPlatforms) = preSolution
		Debug|Any CPU = Debug|Any CPU
		Release|Any CPU = Release|Any CPU
	EndGlobalSection
	GlobalSection(ProjectConfigurationPlatforms) = postSolution
		{108E4D53-31A7-4FF3-8720-8D3C9FD29E1F}.Debug|Any CPU.ActiveCfg = Debug|Any CPU
		{108E4D53-31A7-4FF3-8720-8D3C9FD29E1F}.Debug|Any CPU.Build.0 = Debug|Any CPU
		{108E4D53-31A7-4FF3-8720-8D3C9FD29E1F}.Release|Any CPU.ActiveCfg = Release|Any CPU
		{108E4D53-31A7-4FF3-8720-8D3C9FD29E1F}.Release|Any CPU.Build.0 = Release|Any CPU
	EndGlobalSection
	GlobalSection(SolutionProperties) = preSolution
		HideSolutionNode = FALSE
	EndGlobalSection
	GlobalSection(ExtensibilityGlobals) = postSolution
		SolutionGuid = {7168292D-6BED-4D41-8398-ACF56355D3F3}
	EndGlobalSection
EndGlobal
