
Microsoft Visual Studio Solution File, Format Version 12.00
# Visual Studio Version 17
VisualStudioVersion = 17.6.33723.286
MinimumVisualStudioVersion = 10.0.40219.1
Project("{FAE04EC0-301F-11D3-BF4B-00C04F79EFBC}") = "Ejemplo3", "Ejemplo3\Ejemplo3.csproj", "{ADAD7BA2-00B5-4BF3-B990-BE00627B19D2}"
EndProject
Global
	GlobalSection(SolutionConfigurationPlatforms) = preSolution
		Debug|Any CPU = Debug|Any CPU
		Release|Any CPU = Release|Any CPU
	EndGlobalSection
	GlobalSection(ProjectConfigurationPlatforms) = postSolution
		{ADAD7BA2-00B5-4BF3-B990-BE00627B19D2}.Debug|Any CPU.ActiveCfg = Debug|Any CPU
		{ADAD7BA2-00B5-4BF3-B990-BE00627B19D2}.Debug|Any CPU.Build.0 = Debug|Any CPU
		{ADAD7BA2-00B5-4BF3-B990-BE00627B19D2}.Release|Any CPU.ActiveCfg = Release|Any CPU
		{ADAD7BA2-00B5-4BF3-B990-BE00627B19D2}.Release|Any CPU.Build.0 = Release|Any CPU
	EndGlobalSection
	GlobalSection(SolutionProperties) = preSolution
		HideSolutionNode = FALSE
	EndGlobalSection
	GlobalSection(ExtensibilityGlobals) = postSolution
		SolutionGuid = {60B188BB-FA19-45AB-8701-689EDF8286C6}
	EndGlobalSection
EndGlobal
